
Microsoft Visual Studio Solution File, Format Version 12.00
# Visual Studio Version 17
VisualStudioVersion = 17.0.31903.59
MinimumVisualStudioVersion = 10.0.40219.1
Project("{2150E333-8FDC-42A3-9474-1A3956D46DE8}") = "src", "src", "{24083480-2A9E-4EBC-A305-F3F563AE147D}"
EndProject
Project("{FAE04EC0-301F-11D3-BF4B-00C04F79EFBC}") = "AuctionService", "src\AuctionService\AuctionService.csproj", "{500D225B-8EC8-4886-AEF5-B8B73A649391}"
EndProject
Project("{FAE04EC0-301F-11D3-BF4B-00C04F79EFBC}") = "SearchService", "src\SearchService\SearchService.csproj", "{0159103A-5D64-4877-9DB0-DF42B73132D1}"
EndProject
Project("{FAE04EC0-301F-11D3-BF4B-00C04F79EFBC}") = "Contracts", "src\Contracts\Contracts.csproj", "{25E58ABD-4EC9-4764-A0F9-2CD94D3A5DEB}"
EndProject
Project("{FAE04EC0-301F-11D3-BF4B-00C04F79EFBC}") = "IdentityService", "src\IdentityService\IdentityService.csproj", "{F2F6353A-AC7C-4CD3-BD9D-8103BB3939C3}"
EndProject
Project("{FAE04EC0-301F-11D3-BF4B-00C04F79EFBC}") = "GatewayService", "src\GatewayService\GatewayService.csproj", "{1D09069E-F5EA-4B6F-83EA-07DD051ECF24}"
EndProject
Project("{FAE04EC0-301F-11D3-BF4B-00C04F79EFBC}") = "BiddingService", "src\BiddingService\BiddingService.csproj", "{C8C182E6-B830-4032-8FCE-35684210F977}"
EndProject
Global
	GlobalSection(SolutionConfigurationPlatforms) = preSolution
		Debug|Any CPU = Debug|Any CPU
		Release|Any CPU = Release|Any CPU
	EndGlobalSection
	GlobalSection(SolutionProperties) = preSolution
		HideSolutionNode = FALSE
	EndGlobalSection
	GlobalSection(ProjectConfigurationPlatforms) = postSolution
		{500D225B-8EC8-4886-AEF5-B8B73A649391}.Debug|Any CPU.ActiveCfg = Debug|Any CPU
		{500D225B-8EC8-4886-AEF5-B8B73A649391}.Debug|Any CPU.Build.0 = Debug|Any CPU
		{500D225B-8EC8-4886-AEF5-B8B73A649391}.Release|Any CPU.ActiveCfg = Release|Any CPU
		{500D225B-8EC8-4886-AEF5-B8B73A649391}.Release|Any CPU.Build.0 = Release|Any CPU
		{0159103A-5D64-4877-9DB0-DF42B73132D1}.Debug|Any CPU.ActiveCfg = Debug|Any CPU
		{0159103A-5D64-4877-9DB0-DF42B73132D1}.Debug|Any CPU.Build.0 = Debug|Any CPU
		{0159103A-5D64-4877-9DB0-DF42B73132D1}.Release|Any CPU.ActiveCfg = Release|Any CPU
		{0159103A-5D64-4877-9DB0-DF42B73132D1}.Release|Any CPU.Build.0 = Release|Any CPU
		{25E58ABD-4EC9-4764-A0F9-2CD94D3A5DEB}.Debug|Any CPU.ActiveCfg = Debug|Any CPU
		{25E58ABD-4EC9-4764-A0F9-2CD94D3A5DEB}.Debug|Any CPU.Build.0 = Debug|Any CPU
		{25E58ABD-4EC9-4764-A0F9-2CD94D3A5DEB}.Release|Any CPU.ActiveCfg = Release|Any CPU
		{25E58ABD-4EC9-4764-A0F9-2CD94D3A5DEB}.Release|Any CPU.Build.0 = Release|Any CPU
		{F2F6353A-AC7C-4CD3-BD9D-8103BB3939C3}.Debug|Any CPU.ActiveCfg = Debug|Any CPU
		{F2F6353A-AC7C-4CD3-BD9D-8103BB3939C3}.Debug|Any CPU.Build.0 = Debug|Any CPU
		{F2F6353A-AC7C-4CD3-BD9D-8103BB3939C3}.Release|Any CPU.ActiveCfg = Release|Any CPU
		{F2F6353A-AC7C-4CD3-BD9D-8103BB3939C3}.Release|Any CPU.Build.0 = Release|Any CPU
		{1D09069E-F5EA-4B6F-83EA-07DD051ECF24}.Debug|Any CPU.ActiveCfg = Debug|Any CPU
		{1D09069E-F5EA-4B6F-83EA-07DD051ECF24}.Debug|Any CPU.Build.0 = Debug|Any CPU
		{1D09069E-F5EA-4B6F-83EA-07DD051ECF24}.Release|Any CPU.ActiveCfg = Release|Any CPU
		{1D09069E-F5EA-4B6F-83EA-07DD051ECF24}.Release|Any CPU.Build.0 = Release|Any CPU
		{C8C182E6-B830-4032-8FCE-35684210F977}.Debug|Any CPU.ActiveCfg = Debug|Any CPU
		{C8C182E6-B830-4032-8FCE-35684210F977}.Debug|Any CPU.Build.0 = Debug|Any CPU
		{C8C182E6-B830-4032-8FCE-35684210F977}.Release|Any CPU.ActiveCfg = Release|Any CPU
		{C8C182E6-B830-4032-8FCE-35684210F977}.Release|Any CPU.Build.0 = Release|Any CPU
	EndGlobalSection
	GlobalSection(NestedProjects) = preSolution
		{500D225B-8EC8-4886-AEF5-B8B73A649391} = {24083480-2A9E-4EBC-A305-F3F563AE147D}
		{0159103A-5D64-4877-9DB0-DF42B73132D1} = {24083480-2A9E-4EBC-A305-F3F563AE147D}
		{25E58ABD-4EC9-4764-A0F9-2CD94D3A5DEB} = {24083480-2A9E-4EBC-A305-F3F563AE147D}
		{F2F6353A-AC7C-4CD3-BD9D-8103BB3939C3} = {24083480-2A9E-4EBC-A305-F3F563AE147D}
		{1D09069E-F5EA-4B6F-83EA-07DD051ECF24} = {24083480-2A9E-4EBC-A305-F3F563AE147D}
		{C8C182E6-B830-4032-8FCE-35684210F977} = {24083480-2A9E-4EBC-A305-F3F563AE147D}
	EndGlobalSection
EndGlobal
