
Microsoft Visual Studio Solution File, Format Version 12.00
# Visual Studio Version 17
VisualStudioVersion = 17.0.31903.59
MinimumVisualStudioVersion = 10.0.40219.1
Project("{2150E333-8FDC-42A3-9474-1A3956D46DE8}") = "src", "src", "{7E5355CE-9D16-4BAC-97A3-9B590B3E1AD9}"
EndProject
Project("{FAE04EC0-301F-11D3-BF4B-00C04F79EFBC}") = "AuctionService", "src\AuctionService\AuctionService.csproj", "{CDB41804-24E6-46D7-937A-922672584AD4}"
EndProject
Project("{FAE04EC0-301F-11D3-BF4B-00C04F79EFBC}") = "SearchService", "src\SearchService\SearchService.csproj", "{E8645E8B-F5CF-4CD4-BA14-331C3B9E5711}"
EndProject
Project("{FAE04EC0-301F-11D3-BF4B-00C04F79EFBC}") = "Contracts", "src\Contracts\Contracts.csproj", "{E1AFCA6B-FBC7-4997-8CDA-786438BC1EE4}"
EndProject
Project("{FAE04EC0-301F-11D3-BF4B-00C04F79EFBC}") = "IdentityService", "src\IdentityService\IdentityService.csproj", "{B649730F-9BE4-40B6-A694-6636988A93D9}"
EndProject
Global
	GlobalSection(SolutionConfigurationPlatforms) = preSolution
		Debug|Any CPU = Debug|Any CPU
		Release|Any CPU = Release|Any CPU
	EndGlobalSection
	GlobalSection(SolutionProperties) = preSolution
		HideSolutionNode = FALSE
	EndGlobalSection
	GlobalSection(ProjectConfigurationPlatforms) = postSolution
		{CDB41804-24E6-46D7-937A-922672584AD4}.Debug|Any CPU.ActiveCfg = Debug|Any CPU
		{CDB41804-24E6-46D7-937A-922672584AD4}.Debug|Any CPU.Build.0 = Debug|Any CPU
		{CDB41804-24E6-46D7-937A-922672584AD4}.Release|Any CPU.ActiveCfg = Release|Any CPU
		{CDB41804-24E6-46D7-937A-922672584AD4}.Release|Any CPU.Build.0 = Release|Any CPU
		{E8645E8B-F5CF-4CD4-BA14-331C3B9E5711}.Debug|Any CPU.ActiveCfg = Debug|Any CPU
		{E8645E8B-F5CF-4CD4-BA14-331C3B9E5711}.Debug|Any CPU.Build.0 = Debug|Any CPU
		{E8645E8B-F5CF-4CD4-BA14-331C3B9E5711}.Release|Any CPU.ActiveCfg = Release|Any CPU
		{E8645E8B-F5CF-4CD4-BA14-331C3B9E5711}.Release|Any CPU.Build.0 = Release|Any CPU
		{E1AFCA6B-FBC7-4997-8CDA-786438BC1EE4}.Debug|Any CPU.ActiveCfg = Debug|Any CPU
		{E1AFCA6B-FBC7-4997-8CDA-786438BC1EE4}.Debug|Any CPU.Build.0 = Debug|Any CPU
		{E1AFCA6B-FBC7-4997-8CDA-786438BC1EE4}.Release|Any CPU.ActiveCfg = Release|Any CPU
		{E1AFCA6B-FBC7-4997-8CDA-786438BC1EE4}.Release|Any CPU.Build.0 = Release|Any CPU
		{B649730F-9BE4-40B6-A694-6636988A93D9}.Debug|Any CPU.ActiveCfg = Debug|Any CPU
		{B649730F-9BE4-40B6-A694-6636988A93D9}.Debug|Any CPU.Build.0 = Debug|Any CPU
		{B649730F-9BE4-40B6-A694-6636988A93D9}.Release|Any CPU.ActiveCfg = Release|Any CPU
		{B649730F-9BE4-40B6-A694-6636988A93D9}.Release|Any CPU.Build.0 = Release|Any CPU
	EndGlobalSection
	GlobalSection(NestedProjects) = preSolution
		{CDB41804-24E6-46D7-937A-922672584AD4} = {7E5355CE-9D16-4BAC-97A3-9B590B3E1AD9}
		{E8645E8B-F5CF-4CD4-BA14-331C3B9E5711} = {7E5355CE-9D16-4BAC-97A3-9B590B3E1AD9}
		{E1AFCA6B-FBC7-4997-8CDA-786438BC1EE4} = {7E5355CE-9D16-4BAC-97A3-9B590B3E1AD9}
		{B649730F-9BE4-40B6-A694-6636988A93D9} = {7E5355CE-9D16-4BAC-97A3-9B590B3E1AD9}
	EndGlobalSection
EndGlobal
